
Microsoft Visual Studio Solution File, Format Version 12.00
# Visual Studio Version 16
VisualStudioVersion = 16.0.29814.53
MinimumVisualStudioVersion = 10.0.40219.1
Project("{FAE04EC0-301F-11D3-BF4B-00C04F79EFBC}") = "MvcApp", "MvcApp\MvcApp.csproj", "{6D067C50-E535-4077-BAEE-F4505A7CC596}"
EndProject
Project("{2150E333-8FDC-42A3-9474-1A3956D46DE8}") = "Solution Items", "Solution Items", "{D33EE04E-90CC-4BF9-AF76-2A6B7F420302}"
	ProjectSection(SolutionItems) = preProject
		README.md = README.md
	EndProjectSection
EndProject
Global
	GlobalSection(SolutionConfigurationPlatforms) = preSolution
		Debug|Any CPU = Debug|Any CPU
		Release|Any CPU = Release|Any CPU
	EndGlobalSection
	GlobalSection(ProjectConfigurationPlatforms) = postSolution
		{6D067C50-E535-4077-BAEE-F4505A7CC596}.Debug|Any CPU.ActiveCfg = Debug|Any CPU
		{6D067C50-E535-4077-BAEE-F4505A7CC596}.Debug|Any CPU.Build.0 = Debug|Any CPU
		{6D067C50-E535-4077-BAEE-F4505A7CC596}.Release|Any CPU.ActiveCfg = Release|Any CPU
		{6D067C50-E535-4077-BAEE-F4505A7CC596}.Release|Any CPU.Build.0 = Release|Any CPU
	EndGlobalSection
	GlobalSection(SolutionProperties) = preSolution
		HideSolutionNode = FALSE
	EndGlobalSection
	GlobalSection(ExtensibilityGlobals) = postSolution
		SolutionGuid = {4C066331-1F97-475E-8B13-47B255F196A7}
	EndGlobalSection
EndGlobal
